github.com/projectdiscovery/retryablehttp-go v1.0.1 h1:V7wUvsZNq1Rcz7+IlcyoyQlNwshuwptuBVYWw9lx8RE=
github.com/projectdiscovery/retryablehttp-go v1.0.1/go.mod h1:SrN6iLZilNG1X4neq1D+SBxoqfAF4nyzvmevkTkWsek=
github.com/remeh/sizedwaitgroup v1.0.0 h1:VNGGFwNo/R5+MJBf6yrsr110p0m4/OX4S3DCy7Kyl5E=
github.com/remeh/sizedwaitgroup v1.0.0/go.mod h1:3j2R4OIe/SeS6YDhICBy22RWjJC5eNCJ1V+9+NVNYlo=
